
Microsoft Visual Studio Solution File, Format Version 12.00
# Visual Studio Version 17
VisualStudioVersion = 17.1.32228.430
MinimumVisualStudioVersion = 10.0.40219.1
Project("{9A19103F-16F7-4668-BE54-9A1E7A4F7556}") = "ListasSimplementeLigadas", "ListasSimplementeLigadas\ListasSimplementeLigadas.csproj", "{97CCF417-F12D-448F-80EC-8F7B51675A2C}"
EndProject
Project("{9A19103F-16F7-4668-BE54-9A1E7A4F7556}") = "ListasDoblementeLigadas", "ListasDoblementeLigadas\ListasDoblementeLigadas.csproj", "{DBF9B5A2-5109-403F-9ADD-33DBF1F4C5FB}"
EndProject
Project("{FAE04EC0-301F-11D3-BF4B-00C04F79EFBC}") = "ListasSimplesCirculares", "ListasSimplesCirculares\ListasSimplesCirculares.csproj", "{076A17A3-3C5F-45E5-97CC-1F2774A511A4}"
EndProject
Global
	GlobalSection(SolutionConfigurationPlatforms) = preSolution
		Debug|Any CPU = Debug|Any CPU
		Release|Any CPU = Release|Any CPU
	EndGlobalSection
	GlobalSection(ProjectConfigurationPlatforms) = postSolution
		{97CCF417-F12D-448F-80EC-8F7B51675A2C}.Debug|Any CPU.ActiveCfg = Debug|Any CPU
		{97CCF417-F12D-448F-80EC-8F7B51675A2C}.Debug|Any CPU.Build.0 = Debug|Any CPU
		{97CCF417-F12D-448F-80EC-8F7B51675A2C}.Release|Any CPU.ActiveCfg = Release|Any CPU
		{97CCF417-F12D-448F-80EC-8F7B51675A2C}.Release|Any CPU.Build.0 = Release|Any CPU
		{DBF9B5A2-5109-403F-9ADD-33DBF1F4C5FB}.Debug|Any CPU.ActiveCfg = Debug|Any CPU
		{DBF9B5A2-5109-403F-9ADD-33DBF1F4C5FB}.Debug|Any CPU.Build.0 = Debug|Any CPU
		{DBF9B5A2-5109-403F-9ADD-33DBF1F4C5FB}.Release|Any CPU.ActiveCfg = Release|Any CPU
		{DBF9B5A2-5109-403F-9ADD-33DBF1F4C5FB}.Release|Any CPU.Build.0 = Release|Any CPU
		{076A17A3-3C5F-45E5-97CC-1F2774A511A4}.Debug|Any CPU.ActiveCfg = Debug|Any CPU
		{076A17A3-3C5F-45E5-97CC-1F2774A511A4}.Debug|Any CPU.Build.0 = Debug|Any CPU
		{076A17A3-3C5F-45E5-97CC-1F2774A511A4}.Release|Any CPU.ActiveCfg = Release|Any CPU
		{076A17A3-3C5F-45E5-97CC-1F2774A511A4}.Release|Any CPU.Build.0 = Release|Any CPU
	EndGlobalSection
	GlobalSection(SolutionProperties) = preSolution
		HideSolutionNode = FALSE
	EndGlobalSection
	GlobalSection(ExtensibilityGlobals) = postSolution
		SolutionGuid = {D223078A-0036-48C7-A22D-0AA8A494C6A3}
	EndGlobalSection
EndGlobal
